# THIS IS AN AUTOGENERATED FILE. DO NOT EDIT THIS FILE DIRECTLY.
# yarn lockfile v1


"@hunzaker/markdown@^1.1.2":
  version "1.1.2"
  resolved "https://registry.yarnpkg.com/@hunzaker/markdown/-/markdown-1.1.2.tgz#60cfa8ef8ca556f26661c0f70e24dc54ffa5ceec"
  dependencies:
    highlight.js "9.12.0"
    marked "0.3.17"

highlight.js@9.12.0:
  version "9.12.0"
  resolved "https://registry.yarnpkg.com/highlight.js/-/highlight.js-9.12.0.tgz#e6d9dbe57cbefe60751f02af336195870c90c01e"

marked@0.3.17:
  version "0.3.17"
  resolved "https://registry.yarnpkg.com/marked/-/marked-0.3.17.tgz#607f06668b3c6b1246b28f13da76116ac1aa2d2b"

prettier@^1.11.1:
  version "1.11.1"
  resolved "https://registry.yarnpkg.com/prettier/-/prettier-1.11.1.tgz#61e43fc4cd44e68f2b0dfc2c38cd4bb0fccdcc75"
